
Microsoft Visual Studio Solution File, Format Version 12.00
# Visual Studio Version 17
VisualStudioVersion = 17.0.32014.148
MinimumVisualStudioVersion = 10.0.40219.1
Project("{9A19103F-16F7-4668-BE54-9A1E7A4F7556}") = "CsBenchmark", "CsBenchmark\CsBenchmark.csproj", "{407E6040-BE7B-4527-8963-C70443E99A03}"
EndProject
Project("{2150E333-8FDC-42A3-9474-1A3956D46DE8}") = "Solution Items", "Solution Items", "{DA311786-A53A-4469-B7A4-CE8C8FD2B262}"
	ProjectSection(SolutionItems) = preProject
		.gitignore = .gitignore
	EndProjectSection
EndProject
Project("{6EC3EE1D-3C4E-46DD-8F32-0CC8E7565705}") = "FParser6", "FParser6\FParser6.fsproj", "{2A542E02-5333-4C05-BA5D-4B20C0A87F32}"
EndProject
Project("{6EC3EE1D-3C4E-46DD-8F32-0CC8E7565705}") = "FParser6.Benchmark", "FParser6.Benchmark\FParser6.Benchmark.fsproj", "{D230BE5A-F744-4E18-9B8C-ACB57C8BF6FF}"
EndProject
Global
	GlobalSection(SolutionConfigurationPlatforms) = preSolution
		Debug|Any CPU = Debug|Any CPU
		Debug|x64 = Debug|x64
		Release|Any CPU = Release|Any CPU
		Release|x64 = Release|x64
	EndGlobalSection
	GlobalSection(ProjectConfigurationPlatforms) = postSolution
		{407E6040-BE7B-4527-8963-C70443E99A03}.Debug|Any CPU.ActiveCfg = Debug|Any CPU
		{407E6040-BE7B-4527-8963-C70443E99A03}.Debug|Any CPU.Build.0 = Debug|Any CPU
		{407E6040-BE7B-4527-8963-C70443E99A03}.Debug|x64.ActiveCfg = Debug|Any CPU
		{407E6040-BE7B-4527-8963-C70443E99A03}.Debug|x64.Build.0 = Debug|Any CPU
		{407E6040-BE7B-4527-8963-C70443E99A03}.Release|Any CPU.ActiveCfg = Release|Any CPU
		{407E6040-BE7B-4527-8963-C70443E99A03}.Release|Any CPU.Build.0 = Release|Any CPU
		{407E6040-BE7B-4527-8963-C70443E99A03}.Release|x64.ActiveCfg = Release|Any CPU
		{407E6040-BE7B-4527-8963-C70443E99A03}.Release|x64.Build.0 = Release|Any CPU
		{2A542E02-5333-4C05-BA5D-4B20C0A87F32}.Debug|Any CPU.ActiveCfg = Debug|Any CPU
		{2A542E02-5333-4C05-BA5D-4B20C0A87F32}.Debug|Any CPU.Build.0 = Debug|Any CPU
		{2A542E02-5333-4C05-BA5D-4B20C0A87F32}.Debug|x64.ActiveCfg = Debug|Any CPU
		{2A542E02-5333-4C05-BA5D-4B20C0A87F32}.Debug|x64.Build.0 = Debug|Any CPU
		{2A542E02-5333-4C05-BA5D-4B20C0A87F32}.Release|Any CPU.ActiveCfg = Release|Any CPU
		{2A542E02-5333-4C05-BA5D-4B20C0A87F32}.Release|Any CPU.Build.0 = Release|Any CPU
		{2A542E02-5333-4C05-BA5D-4B20C0A87F32}.Release|x64.ActiveCfg = Release|Any CPU
		{2A542E02-5333-4C05-BA5D-4B20C0A87F32}.Release|x64.Build.0 = Release|Any CPU
		{D230BE5A-F744-4E18-9B8C-ACB57C8BF6FF}.Debug|Any CPU.ActiveCfg = Debug|Any CPU
		{D230BE5A-F744-4E18-9B8C-ACB57C8BF6FF}.Debug|Any CPU.Build.0 = Debug|Any CPU
		{D230BE5A-F744-4E18-9B8C-ACB57C8BF6FF}.Debug|x64.ActiveCfg = Debug|Any CPU
		{D230BE5A-F744-4E18-9B8C-ACB57C8BF6FF}.Debug|x64.Build.0 = Debug|Any CPU
		{D230BE5A-F744-4E18-9B8C-ACB57C8BF6FF}.Release|Any CPU.ActiveCfg = Release|Any CPU
		{D230BE5A-F744-4E18-9B8C-ACB57C8BF6FF}.Release|Any CPU.Build.0 = Release|Any CPU
		{D230BE5A-F744-4E18-9B8C-ACB57C8BF6FF}.Release|x64.ActiveCfg = Release|Any CPU
		{D230BE5A-F744-4E18-9B8C-ACB57C8BF6FF}.Release|x64.Build.0 = Release|Any CPU
	EndGlobalSection
	GlobalSection(SolutionProperties) = preSolution
		HideSolutionNode = FALSE
	EndGlobalSection
	GlobalSection(ExtensibilityGlobals) = postSolution
		SolutionGuid = {4DCC79D9-6ECE-43D9-AA1F-21E187E4BA27}
	EndGlobalSection
EndGlobal
